{
  "name": "blockchain-js",
  "lockfileVersion": 2,
  "requires": true,
  "packages": {
    "src": {
      "version": "1.0.0",
      "integrity": "sha1-LFN+9q1fxmbBvUp6A6VTffFFuXk=",
      "extraneous": true,
      "dependencies": {
        "redis-url": "~0.2.0"
      },
      "devDependencies": {
        "mocha": "~1.17.1"
      }
    }
  }
}
